{
  "requires": true,
  "lockfileVersion": 1,
  "dependencies": {
    "angular": {
      "version": "1.6.6",
      "resolved": "https://registry.npmjs.org/angular/-/angular-1.6.6.tgz",
      "integrity": "sha1-/Vo8+0N844LYVO4BEgeXl4Uny2Q="
    },
    "ng-pagination": {
      "version": "1.0.1",
      "resolved": "https://registry.npmjs.org/ng-pagination/-/ng-pagination-1.0.1.tgz",
      "integrity": "sha1-lb3E0RWzqMViEI5cxUvJBnk0yr0=",
      "requires": {
        "angular": "1.6.6"
      }
    }
  }
}
